// !$*UTF8*$!
{
	archiveVersion = 1;
	classes = {
	};
	objectVersion = 48;
	objects = {

/* Begin PBXBuildFile section */
		87F32C532045C06900873D93 /* AppDelegate.swift in Sources */ = {isa = PBXBuildFile; fileRef = 87F32C522045C06900873D93 /* AppDelegate.swift */; };
		87F32C552045C06900873D93 /* GameScene.sks in Resources */ = {isa = PBXBuildFile; fileRef = 87F32C542045C06900873D93 /* GameScene.sks */; };
		87F32C572045C06900873D93 /* Actions.sks in Resources */ = {isa = PBXBuildFile; fileRef = 87F32C562045C06900873D93 /* Actions.sks */; };
		87F32C592045C06900873D93 /* GameScene.swift in Sources */ = {isa = PBXBuildFile; fileRef = 87F32C582045C06900873D93 /* GameScene.swift */; };
		87F32C5B2045C06900873D93 /* GameViewController.swift in Sources */ = {isa = PBXBuildFile; fileRef = 87F32C5A2045C06900873D93 /* GameViewController.swift */; };
		87F32C5E2045C06900873D93 /* Main.storyboard in Resources */ = {isa = PBXBuildFile; fileRef = 87F32C5C2045C06900873D93 /* Main.storyboard */; };
		87F32C602045C06900873D93 /* Assets.xcassets in Resources */ = {isa = PBXBuildFile; fileRef = 87F32C5F2045C06900873D93 /* Assets.xcassets */; };
		87F32C632045C06900873D93 /* LaunchScreen.storyboard in Resources */ = {isa = PBXBuildFile; fileRef = 87F32C612045C06900873D93 /* LaunchScreen.storyboard */; };
		87F32C6E2045C06900873D93 /* FlappyBirdTests.swift in Sources */ = {isa = PBXBuildFile; fileRef = 87F32C6D2045C06900873D93 /* FlappyBirdTests.swift */; };
		87F32C792045C06900873D93 /* FlappyBirdUITests.swift in Sources */ = {isa = PBXBuildFile; fileRef = 87F32C782045C06900873D93 /* FlappyBirdUITests.swift */; };
		87F32CAE2045C06900873D93 /* fly1.png in Resources */ = {isa = PBXBuildFile; fileRef = 87F32CA72045C06900873D93 /* fly1.png */; };
		87F32CAF2045C06900873D93 /* fly3.png in Resources */ = {isa = PBXBuildFile; fileRef = 87F32CA82045C06900873D93 /* fly3.png */; };
		87F32CB02045C06900873D93 /* Tubo2.png in Resources */ = {isa = PBXBuildFile; fileRef = 87F32CA92045C06900873D93 /* Tubo2.png */; };
		87F32CB22045C06900873D93 /* fly2.png in Resources */ = {isa = PBXBuildFile; fileRef = 87F32CAB2045C06900873D93 /* fly2.png */; };
		87F32CB32045C06900873D93 /* Tubo1.png in Resources */ = {isa = PBXBuildFile; fileRef = 87F32CAC2045C06900873D93 /* Tubo1.png */; };
		87F32CBA2045C84100873D93 /* bg4.png in Resources */ = {isa = PBXBuildFile; fileRef = 87F32CB92045C84100873D93 /* bg4.png */; };
		87F32CC02045E87500873D93 /* ground.png in Resources */ = {isa = PBXBuildFile; fileRef = 87F32CBF2045E87500873D93 /* ground.png */; };
		87F32CC2204601B600873D93 /* extension.swift in Sources */ = {isa = PBXBuildFile; fileRef = 87F32CC1204601B600873D93 /* extension.swift */; };
/* End PBXBuildFile section */

/* Begin PBXContainerItemProxy section */
		87F32C6A2045C06900873D93 /* PBXContainerItemProxy */ = {
			isa = PBXContainerItemProxy;
			containerPortal = 87F32C472045C06900873D93 /* Project object */;
			proxyType = 1;
			remoteGlobalIDString = 87F32C4E2045C06900873D93;
			remoteInfo = FlappyBird;
		};
		87F32C752045C06900873D93 /* PBXContainerItemProxy */ = {
			isa = PBXContainerItemProxy;
			containerPortal = 87F32C472045C06900873D93 /* Project object */;
			proxyType = 1;
			remoteGlobalIDString = 87F32C4E2045C06900873D93;
			remoteInfo = FlappyBird;
		};
/* End PBXContainerItemProxy section */

/* Begin PBXFileReference section */
		87F32C4F2045C06900873D93 /* FlappyBird.app */ = {isa = PBXFileReference; explicitFileType = wrapper.application; includeInIndex = 0; path = FlappyBird.app; sourceTree = BUILT_PRODUCTS_DIR; };
		87F32C522045C06900873D93 /* AppDelegate.swift */ = {isa = PBXFileReference; lastKnownFileType = sourcecode.swift; path = AppDelegate.swift; sourceTree = "<group>"; };
		87F32C542045C06900873D93 /* GameScene.sks */ = {isa = PBXFileReference; lastKnownFileType = file.sks; path = GameScene.sks; sourceTree = "<group>"; };
		87F32C562045C06900873D93 /* Actions.sks */ = {isa = PBXFileReference; lastKnownFileType = file.sks; path = Actions.sks; sourceTree = "<group>"; };
		87F32C582045C06900873D93 /* GameScene.swift */ = {isa = PBXFileReference; lastKnownFileType = sourcecode.swift; path = GameScene.swift; sourceTree = "<group>"; };
		87F32C5A2045C06900873D93 /* GameViewController.swift */ = {isa = PBXFileReference; lastKnownFileType = sourcecode.swift; path = GameViewController.swift; sourceTree = "<group>"; };
		87F32C5D2045C06900873D93 /* Base */ = {isa = PBXFileReference; lastKnownFileType = file.storyboard; name = Base; path = Base.lproj/Main.storyboard; sourceTree = "<group>"; };
		87F32C5F2045C06900873D93 /* Assets.xcassets */ = {isa = PBXFileReference; lastKnownFileType = folder.assetcatalog; path = Assets.xcassets; sourceTree = "<group>"; };
		87F32C622045C06900873D93 /* Base */ = {isa = PBXFileReference; lastKnownFileType = file.storyboard; name = Base; path = Base.lproj/LaunchScreen.storyboard; sourceTree = "<group>"; };
		87F32C642045C06900873D93 /* Info.plist */ = {isa = PBXFileReference; lastKnownFileType = text.plist.xml; path = Info.plist; sourceTree = "<group>"; };
		87F32C692045C06900873D93 /* FlappyBirdTests.xctest */ = {isa = PBXFileReference; explicitFileType = wrapper.cfbundle; includeInIndex = 0; path = FlappyBirdTests.xctest; sourceTree = BUILT_PRODUCTS_DIR; };
		87F32C6D2045C06900873D93 /* FlappyBirdTests.swift */ = {isa = PBXFileReference; lastKnownFileType = sourcecode.swift; path = FlappyBirdTests.swift; sourceTree = "<group>"; };
		87F32C6F2045C06900873D93 /* Info.plist */ = {isa = PBXFileReference; lastKnownFileType = text.plist.xml; path = Info.plist; sourceTree = "<group>"; };
		87F32C742045C06900873D93 /* FlappyBirdUITests.xctest */ = {isa = PBXFileReference; explicitFileType = wrapper.cfbundle; includeInIndex = 0; path = FlappyBirdUITests.xctest; sourceTree = BUILT_PRODUCTS_DIR; };
		87F32C782045C06900873D93 /* FlappyBirdUITests.swift */ = {isa = PBXFileReference; lastKnownFileType = sourcecode.swift; path = FlappyBirdUITests.swift; sourceTree = "<group>"; };
		87F32C7A2045C06900873D93 /* Info.plist */ = {isa = PBXFileReference; lastKnownFileType = text.plist.xml; path = Info.plist; sourceTree = "<group>"; };
		87F32CA72045C06900873D93 /* fly1.png */ = {isa = PBXFileReference; lastKnownFileType = image.png; path = fly1.png; sourceTree = "<group>"; };
		87F32CA82045C06900873D93 /* fly3.png */ = {isa = PBXFileReference; lastKnownFileType = image.png; path = fly3.png; sourceTree = "<group>"; };
		87F32CA92045C06900873D93 /* Tubo2.png */ = {isa = PBXFileReference; lastKnownFileType = image.png; path = Tubo2.png; sourceTree = "<group>"; };
		87F32CAB2045C06900873D93 /* fly2.png */ = {isa = PBXFileReference; lastKnownFileType = image.png; path = fly2.png; sourceTree = "<group>"; };
		87F32CAC2045C06900873D93 /* Tubo1.png */ = {isa = PBXFileReference; lastKnownFileType = image.png; path = Tubo1.png; sourceTree = "<group>"; };
		87F32CB92045C84100873D93 /* bg4.png */ = {isa = PBXFileReference; lastKnownFileType = image.png; path = bg4.png; sourceTree = "<group>"; };
		87F32CBF2045E87500873D93 /* ground.png */ = {isa = PBXFileReference; lastKnownFileType = image.png; name = ground.png; path = ../../../../../Downloads/ground.png; sourceTree = "<group>"; };
		87F32CC1204601B600873D93 /* extension.swift */ = {isa = PBXFileReference; lastKnownFileType = sourcecode.swift; path = extension.swift; sourceTree = "<group>"; };
/* End PBXFileReference section */

/* Begin PBXFrameworksBuildPhase section */
		87F32C4C2045C06900873D93 /* Frameworks */ = {
			isa = PBXFrameworksBuildPhase;
			buildActionMask = 2147483647;
			files = (
			);
			runOnlyForDeploymentPostprocessing = 0;
		};
		87F32C662045C06900873D93 /* Frameworks */ = {
			isa = PBXFrameworksBuildPhase;
			buildActionMask = 2147483647;
			files = (
			);
			runOnlyForDeploymentPostprocessing = 0;
		};
		87F32C712045C06900873D93 /* Frameworks */ = {
			isa = PBXFrameworksBuildPhase;
			buildActionMask = 2147483647;
			files = (
			);
			runOnlyForDeploymentPostprocessing = 0;
		};
/* End PBXFrameworksBuildPhase section */

/* Begin PBXGroup section */
		87F32C462045C06900873D93 = {
			isa = PBXGroup;
			children = (
				87F32C512045C06900873D93 /* FlappyBird */,
				87F32C6C2045C06900873D93 /* FlappyBirdTests */,
				87F32C772045C06900873D93 /* FlappyBirdUITests */,
				87F32C502045C06900873D93 /* Products */,
			);
			sourceTree = "<group>";
		};
		87F32C502045C06900873D93 /* Products */ = {
			isa = PBXGroup;
			children = (
				87F32C4F2045C06900873D93 /* FlappyBird.app */,
				87F32C692045C06900873D93 /* FlappyBirdTests.xctest */,
				87F32C742045C06900873D93 /* FlappyBirdUITests.xctest */,
			);
			name = Products;
			sourceTree = "<group>";
		};
		87F32C512045C06900873D93 /* FlappyBird */ = {
			isa = PBXGroup;
			children = (
				87F32CA02045C06900873D93 /* Images */,
				87F32C522045C06900873D93 /* AppDelegate.swift */,
				87F32C542045C06900873D93 /* GameScene.sks */,
				87F32C562045C06900873D93 /* Actions.sks */,
				87F32C582045C06900873D93 /* GameScene.swift */,
				87F32CC1204601B600873D93 /* extension.swift */,
				87F32C5A2045C06900873D93 /* GameViewController.swift */,
				87F32C5C2045C06900873D93 /* Main.storyboard */,
				87F32C5F2045C06900873D93 /* Assets.xcassets */,
				87F32C612045C06900873D93 /* LaunchScreen.storyboard */,
				87F32C642045C06900873D93 /* Info.plist */,
			);
			path = FlappyBird;
			sourceTree = "<group>";
		};
		87F32C6C2045C06900873D93 /* FlappyBirdTests */ = {
			isa = PBXGroup;
			children = (
				87F32C6D2045C06900873D93 /* FlappyBirdTests.swift */,
				87F32C6F2045C06900873D93 /* Info.plist */,
			);
			path = FlappyBirdTests;
			sourceTree = "<group>";
		};
		87F32C772045C06900873D93 /* FlappyBirdUITests */ = {
			isa = PBXGroup;
			children = (
				87F32C782045C06900873D93 /* FlappyBirdUITests.swift */,
				87F32C7A2045C06900873D93 /* Info.plist */,
			);
			path = FlappyBirdUITests;
			sourceTree = "<group>";
		};
		87F32CA02045C06900873D93 /* Images */ = {
			isa = PBXGroup;
			children = (
				87F32CBF2045E87500873D93 /* ground.png */,
				87F32CB92045C84100873D93 /* bg4.png */,
				87F32CA72045C06900873D93 /* fly1.png */,
				87F32CAB2045C06900873D93 /* fly2.png */,
				87F32CA82045C06900873D93 /* fly3.png */,
				87F32CAC2045C06900873D93 /* Tubo1.png */,
				87F32CA92045C06900873D93 /* Tubo2.png */,
			);
			path = Images;
			sourceTree = "<group>";
		};
/* End PBXGroup section */

/* Begin PBXNativeTarget section */
		87F32C4E2045C06900873D93 /* FlappyBird */ = {
			isa = PBXNativeTarget;
			buildConfigurationList = 87F32C7D2045C06900873D93 /* Build configuration list for PBXNativeTarget "FlappyBird" */;
			buildPhases = (
				87F32C4B2045C06900873D93 /* Sources */,
				87F32C4C2045C06900873D93 /* Frameworks */,
				87F32C4D2045C06900873D93 /* Resources */,
			);
			buildRules = (
			);
			dependencies = (
			);
			name = FlappyBird;
			productName = FlappyBird;
			productReference = 87F32C4F2045C06900873D93 /* FlappyBird.app */;
			productType = "com.apple.product-type.application";
		};
		87F32C682045C06900873D93 /* FlappyBirdTests */ = {
			isa = PBXNativeTarget;
			buildConfigurationList = 87F32C802045C06900873D93 /* Build configuration list for PBXNativeTarget "FlappyBirdTests" */;
			buildPhases = (
				87F32C652045C06900873D93 /* Sources */,
				87F32C662045C06900873D93 /* Frameworks */,
				87F32C672045C06900873D93 /* Resources */,
			);
			buildRules = (
			);
			dependencies = (
				87F32C6B2045C06900873D93 /* PBXTargetDependency */,
			);
			name = FlappyBirdTests;
			productName = FlappyBirdTests;
			productReference = 87F32C692045C06900873D93 /* FlappyBirdTests.xctest */;
			productType = "com.apple.product-type.bundle.unit-test";
		};
		87F32C732045C06900873D93 /* FlappyBirdUITests */ = {
			isa = PBXNativeTarget;
			buildConfigurationList = 87F32C832045C06900873D93 /* Build configuration list for PBXNativeTarget "FlappyBirdUITests" */;
			buildPhases = (
				87F32C702045C06900873D93 /* Sources */,
				87F32C712045C06900873D93 /* Frameworks */,
				87F32C722045C06900873D93 /* Resources */,
			);
			buildRules = (
			);
			dependencies = (
				87F32C762045C06900873D93 /* PBXTargetDependency */,
			);
			name = FlappyBirdUITests;
			productName = FlappyBirdUITests;
			productReference = 87F32C742045C06900873D93 /* FlappyBirdUITests.xctest */;
			productType = "com.apple.product-type.bundle.ui-testing";
		};
/* End PBXNativeTarget section */

/* Begin PBXProject section */
		87F32C472045C06900873D93 /* Project object */ = {
			isa = PBXProject;
			attributes = {
				LastSwiftUpdateCheck = 0920;
				LastUpgradeCheck = 0920;
				ORGANIZATIONNAME = "Fernando García Hernández";
				TargetAttributes = {
					87F32C4E2045C06900873D93 = {
						CreatedOnToolsVersion = 9.2;
						ProvisioningStyle = Automatic;
					};
					87F32C682045C06900873D93 = {
						CreatedOnToolsVersion = 9.2;
						ProvisioningStyle = Automatic;
						TestTargetID = 87F32C4E2045C06900873D93;
					};
					87F32C732045C06900873D93 = {
						CreatedOnToolsVersion = 9.2;
						ProvisioningStyle = Automatic;
						TestTargetID = 87F32C4E2045C06900873D93;
					};
				};
			};
			buildConfigurationList = 87F32C4A2045C06900873D93 /* Build configuration list for PBXProject "FlappyBird" */;
			compatibilityVersion = "Xcode 8.0";
			developmentRegion = en;
			hasScannedForEncodings = 0;
			knownRegions = (
				en,
				Base,
			);
			mainGroup = 87F32C462045C06900873D93;
			productRefGroup = 87F32C502045C06900873D93 /* Products */;
			projectDirPath = "";
			projectRoot = "";
			targets = (
				87F32C4E2045C06900873D93 /* FlappyBird */,
				87F32C682045C06900873D93 /* FlappyBirdTests */,
				87F32C732045C06900873D93 /* FlappyBirdUITests */,
			);
		};
/* End PBXProject section */

/* Begin PBXResourcesBuildPhase section */
		87F32C4D2045C06900873D93 /* Resources */ = {
			isa = PBXResourcesBuildPhase;
			buildActionMask = 2147483647;
			files = (
				87F32CC02045E87500873D93 /* ground.png in Resources */,
				87F32CB02045C06900873D93 /* Tubo2.png in Resources */,
				87F32C5E2045C06900873D93 /* Main.storyboard in Resources */,
				87F32C552045C06900873D93 /* GameScene.sks in Resources */,
				87F32CAF2045C06900873D93 /* fly3.png in Resources */,
				87F32CBA2045C84100873D93 /* bg4.png in Resources */,
				87F32C602045C06900873D93 /* Assets.xcassets in Resources */,
				87F32CB22045C06900873D93 /* fly2.png in Resources */,
				87F32C632045C06900873D93 /* LaunchScreen.storyboard in Resources */,
				87F32CB32045C06900873D93 /* Tubo1.png in Resources */,
				87F32C572045C06900873D93 /* Actions.sks in Resources */,
				87F32CAE2045C06900873D93 /* fly1.png in Resources */,
			);
			runOnlyForDeploymentPostprocessing = 0;
		};
		87F32C672045C06900873D93 /* Resources */ = {
			isa = PBXResourcesBuildPhase;
			buildActionMask = 2147483647;
			files = (
			);
			runOnlyForDeploymentPostprocessing = 0;
		};
		87F32C722045C06900873D93 /* Resources */ = {
			isa = PBXResourcesBuildPhase;
			buildActionMask = 2147483647;
			files = (
			);
			runOnlyForDeploymentPostprocessing = 0;
		};
/* End PBXResourcesBuildPhase section */

/* Begin PBXSourcesBuildPhase section */
		87F32C4B2045C06900873D93 /* Sources */ = {
			isa = PBXSourcesBuildPhase;
			buildActionMask = 2147483647;
			files = (
				87F32C592045C06900873D93 /* GameScene.swift in Sources */,
				87F32C5B2045C06900873D93 /* GameViewController.swift in Sources */,
				87F32C532045C06900873D93 /* AppDelegate.swift in Sources */,
				87F32CC2204601B600873D93 /* extension.swift in Sources */,
			);
			runOnlyForDeploymentPostprocessing = 0;
		};
		87F32C652045C06900873D93 /* Sources */ = {
			isa = PBXSourcesBuildPhase;
			buildActionMask = 2147483647;
			files = (
				87F32C6E2045C06900873D93 /* FlappyBirdTests.swift in Sources */,
			);
			runOnlyForDeploymentPostprocessing = 0;
		};
		87F32C702045C06900873D93 /* Sources */ = {
			isa = PBXSourcesBuildPhase;
			buildActionMask = 2147483647;
			files = (
				87F32C792045C06900873D93 /* FlappyBirdUITests.swift in Sources */,
			);
			runOnlyForDeploymentPostprocessing = 0;
		};
/* End PBXSourcesBuildPhase section */

/* Begin PBXTargetDependency section */
		87F32C6B2045C06900873D93 /* PBXTargetDependency */ = {
			isa = PBXTargetDependency;
			target = 87F32C4E2045C06900873D93 /* FlappyBird */;
			targetProxy = 87F32C6A2045C06900873D93 /* PBXContainerItemProxy */;
		};
		87F32C762045C06900873D93 /* PBXTargetDependency */ = {
			isa = PBXTargetDependency;
			target = 87F32C4E2045C06900873D93 /* FlappyBird */;
			targetProxy = 87F32C752045C06900873D93 /* PBXContainerItemProxy */;
		};
/* End PBXTargetDependency section */

/* Begin PBXVariantGroup section */
		87F32C5C2045C06900873D93 /* Main.storyboard */ = {
			isa = PBXVariantGroup;
			children = (
				87F32C5D2045C06900873D93 /* Base */,
			);
			name = Main.storyboard;
			sourceTree = "<group>";
		};
		87F32C612045C06900873D93 /* LaunchScreen.storyboard */ = {
			isa = PBXVariantGroup;
			children = (
				87F32C622045C06900873D93 /* Base */,
			);
			name = LaunchScreen.storyboard;
			sourceTree = "<group>";
		};
/* End PBXVariantGroup section */

/* Begin XCBuildConfiguration section */
		87F32C7B2045C06900873D93 /* Debug */ = {
			isa = XCBuildConfiguration;
			buildSettings = {
				ALWAYS_SEARCH_USER_PATHS = NO;
				CLANG_ANALYZER_NONNULL = YES;
				CLANG_ANALYZER_NUMBER_OBJECT_CONVERSION = YES_AGGRESSIVE;
				CLANG_CXX_LANGUAGE_STANDARD = "gnu++14";
				CLANG_CXX_LIBRARY = "libc++";
				CLANG_ENABLE_MODULES = YES;
				CLANG_ENABLE_OBJC_ARC = YES;
				CLANG_WARN_BLOCK_CAPTURE_AUTORELEASING = YES;
				CLANG_WARN_BOOL_CONVERSION = YES;
				CLANG_WARN_COMMA = YES;
				CLANG_WARN_CONSTANT_CONVERSION = YES;
				CLANG_WARN_DIRECT_OBJC_ISA_USAGE = YES_ERROR;
				CLANG_WARN_DOCUMENTATION_COMMENTS = YES;
				CLANG_WARN_EMPTY_BODY = YES;
				CLANG_WARN_ENUM_CONVERSION = YES;
				CLANG_WARN_INFINITE_RECURSION = YES;
				CLANG_WARN_INT_CONVERSION = YES;
				CLANG_WARN_NON_LITERAL_NULL_CONVERSION = YES;
				CLANG_WARN_OBJC_LITERAL_CONVERSION = YES;
				CLANG_WARN_OBJC_ROOT_CLASS = YES_ERROR;
				CLANG_WARN_RANGE_LOOP_ANALYSIS = YES;
				CLANG_WARN_STRICT_PROTOTYPES = YES;
				CLANG_WARN_SUSPICIOUS_MOVE = YES;
				CLANG_WARN_UNGUARDED_AVAILABILITY = YES_AGGRESSIVE;
				CLANG_WARN_UNREACHABLE_CODE = YES;
				CLANG_WARN__DUPLICATE_METHOD_MATCH = YES;
				CODE_SIGN_IDENTITY = "iPhone Developer";
				COPY_PHASE_STRIP = NO;
				DEBUG_INFORMATION_FORMAT = dwarf;
				ENABLE_STRICT_OBJC_MSGSEND = YES;
				ENABLE_TESTABILITY = YES;
				GCC_C_LANGUAGE_STANDARD = gnu11;
				GCC_DYNAMIC_NO_PIC = NO;
				GCC_NO_COMMON_BLOCKS = YES;
				GCC_OPTIMIZATION_LEVEL = 0;
				GCC_PREPROCESSOR_DEFINITIONS = (
					"DEBUG=1",
					"$(inherited)",
				);
				GCC_WARN_64_TO_32_BIT_CONVERSION = YES;
				GCC_WARN_ABOUT_RETURN_TYPE = YES_ERROR;
				GCC_WARN_UNDECLARED_SELECTOR = YES;
				GCC_WARN_UNINITIALIZED_AUTOS = YES_AGGRESSIVE;
				GCC_WARN_UNUSED_FUNCTION = YES;
				GCC_WARN_UNUSED_VARIABLE = YES;
				IPHONEOS_DEPLOYMENT_TARGET = 11.2;
				MTL_ENABLE_DEBUG_INFO = YES;
				ONLY_ACTIVE_ARCH = YES;
				SDKROOT = iphoneos;
				SWIFT_ACTIVE_COMPILATION_CONDITIONS = DEBUG;
				SWIFT_OPTIMIZATION_LEVEL = "-Onone";
			};
			name = Debug;
		};
		87F32C7C2045C06900873D93 /* Release */ = {
			isa = XCBuildConfiguration;
			buildSettings = {
				ALWAYS_SEARCH_USER_PATHS = NO;
				CLANG_ANALYZER_NONNULL = YES;
				CLANG_ANALYZER_NUMBER_OBJECT_CONVERSION = YES_AGGRESSIVE;
				CLANG_CXX_LANGUAGE_STANDARD = "gnu++14";
				CLANG_CXX_LIBRARY = "libc++";
				CLANG_ENABLE_MODULES = YES;
				CLANG_ENABLE_OBJC_ARC = YES;
				CLANG_WARN_BLOCK_CAPTURE_AUTORELEASING = YES;
				CLANG_WARN_BOOL_CONVERSION = YES;
				CLANG_WARN_COMMA = YES;
				CLANG_WARN_CONSTANT_CONVERSION = YES;
				CLANG_WARN_DIRECT_OBJC_ISA_USAGE = YES_ERROR;
				CLANG_WARN_DOCUMENTATION_COMMENTS = YES;
				CLANG_WARN_EMPTY_BODY = YES;
				CLANG_WARN_ENUM_CONVERSION = YES;
				CLANG_WARN_INFINITE_RECURSION = YES;
				CLANG_WARN_INT_CONVERSION = YES;
				CLANG_WARN_NON_LITERAL_NULL_CONVERSION = YES;
				CLANG_WARN_OBJC_LITERAL_CONVERSION = YES;
				CLANG_WARN_OBJC_ROOT_CLASS = YES_ERROR;
				CLANG_WARN_RANGE_LOOP_ANALYSIS = YES;
				CLANG_WARN_STRICT_PROTOTYPES = YES;
				CLANG_WARN_SUSPICIOUS_MOVE = YES;
				CLANG_WARN_UNGUARDED_AVAILABILITY = YES_AGGRESSIVE;
				CLANG_WARN_UNREACHABLE_CODE = YES;
				CLANG_WARN__DUPLICATE_METHOD_MATCH = YES;
				CODE_SIGN_IDENTITY = "iPhone Developer";
				COPY_PHASE_STRIP = NO;
				DEBUG_INFORMATION_FORMAT = "dwarf-with-dsym";
				ENABLE_NS_ASSERTIONS = NO;
				ENABLE_STRICT_OBJC_MSGSEND = YES;
				GCC_C_LANGUAGE_STANDARD = gnu11;
				GCC_NO_COMMON_BLOCKS = YES;
				GCC_WARN_64_TO_32_BIT_CONVERSION = YES;
				GCC_WARN_ABOUT_RETURN_TYPE = YES_ERROR;
				GCC_WARN_UNDECLARED_SELECTOR = YES;
				GCC_WARN_UNINITIALIZED_AUTOS = YES_AGGRESSIVE;
				GCC_WARN_UNUSED_FUNCTION = YES;
				GCC_WARN_UNUSED_VARIABLE = YES;
				IPHONEOS_DEPLOYMENT_TARGET = 11.2;
				MTL_ENABLE_DEBUG_INFO = NO;
				SDKROOT = iphoneos;
				SWIFT_OPTIMIZATION_LEVEL = "-Owholemodule";
				VALIDATE_PRODUCT = YES;
			};
			name = Release;
		};
		87F32C7E2045C06900873D93 /* Debug */ = {
			isa = XCBuildConfiguration;
			buildSettings = {
				ASSETCATALOG_COMPILER_APPICON_NAME = AppIcon;
				CODE_SIGN_STYLE = Automatic;
				DEVELOPMENT_TEAM = NG73R42J2A;
				INFOPLIST_FILE = FlappyBird/Info.plist;
				LD_RUNPATH_SEARCH_PATHS = "$(inherited) @executable_path/Frameworks";
				PRODUCT_BUNDLE_IDENTIFIER = Covicake.FlappyBird;
				PRODUCT_NAME = "$(TARGET_NAME)";
				SWIFT_VERSION = 4.0;
				TARGETED_DEVICE_FAMILY = "1,2";
			};
			name = Debug;
		};
		87F32C7F2045C06900873D93 /* Release */ = {
			isa = XCBuildConfiguration;
			buildSettings = {
				ASSETCATALOG_COMPILER_APPICON_NAME = AppIcon;
				CODE_SIGN_STYLE = Automatic;
				DEVELOPMENT_TEAM = NG73R42J2A;
				INFOPLIST_FILE = FlappyBird/Info.plist;
				LD_RUNPATH_SEARCH_PATHS = "$(inherited) @executable_path/Frameworks";
				PRODUCT_BUNDLE_IDENTIFIER = Covicake.FlappyBird;
				PRODUCT_NAME = "$(TARGET_NAME)";
				SWIFT_VERSION = 4.0;
				TARGETED_DEVICE_FAMILY = "1,2";
			};
			name = Release;
		};
		87F32C812045C06900873D93 /* Debug */ = {
			isa = XCBuildConfiguration;
			buildSettings = {
				ALWAYS_EMBED_SWIFT_STANDARD_LIBRARIES = YES;
				BUNDLE_LOADER = "$(TEST_HOST)";
				CODE_SIGN_STYLE = Automatic;
				DEVELOPMENT_TEAM = NG73R42J2A;
				INFOPLIST_FILE = FlappyBirdTests/Info.plist;
				LD_RUNPATH_SEARCH_PATHS = "$(inherited) @executable_path/Frameworks @loader_path/Frameworks";
				PRODUCT_BUNDLE_IDENTIFIER = Covicake.FlappyBirdTests;
				PRODUCT_NAME = "$(TARGET_NAME)";
				SWIFT_VERSION = 4.0;
				TARGETED_DEVICE_FAMILY = "1,2";
				TEST_HOST = "$(BUILT_PRODUCTS_DIR)/FlappyBird.app/FlappyBird";
			};
			name = Debug;
		};
		87F32C822045C06900873D93 /* Release */ = {
			isa = XCBuildConfiguration;
			buildSettings = {
				ALWAYS_EMBED_SWIFT_STANDARD_LIBRARIES = YES;
				BUNDLE_LOADER = "$(TEST_HOST)";
				CODE_SIGN_STYLE = Automatic;
				DEVELOPMENT_TEAM = NG73R42J2A;
				INFOPLIST_FILE = FlappyBirdTests/Info.plist;
				LD_RUNPATH_SEARCH_PATHS = "$(inherited) @executable_path/Frameworks @loader_path/Frameworks";
				PRODUCT_BUNDLE_IDENTIFIER = Covicake.FlappyBirdTests;
				PRODUCT_NAME = "$(TARGET_NAME)";
				SWIFT_VERSION = 4.0;
				TARGETED_DEVICE_FAMILY = "1,2";
				TEST_HOST = "$(BUILT_PRODUCTS_DIR)/FlappyBird.app/FlappyBird";
			};
			name = Release;
		};
		87F32C842045C06900873D93 /* Debug */ = {
			isa = XCBuildConfiguration;
			buildSettings = {
				ALWAYS_EMBED_SWIFT_STANDARD_LIBRARIES = YES;
				CODE_SIGN_STYLE = Automatic;
				DEVELOPMENT_TEAM = NG73R42J2A;
				INFOPLIST_FILE = FlappyBirdUITests/Info.plist;
				LD_RUNPATH_SEARCH_PATHS = "$(inherited) @executable_path/Frameworks @loader_path/Frameworks";
				PRODUCT_BUNDLE_IDENTIFIER = Covicake.FlappyBirdUITests;
				PRODUCT_NAME = "$(TARGET_NAME)";
				SWIFT_VERSION = 4.0;
				TARGETED_DEVICE_FAMILY = "1,2";
				TEST_TARGET_NAME = FlappyBird;
			};
			name = Debug;
		};
		87F32C852045C06900873D93 /* Release */ = {
			isa = XCBuildConfiguration;
			buildSettings = {
				ALWAYS_EMBED_SWIFT_STANDARD_LIBRARIES = YES;
				CODE_SIGN_STYLE = Automatic;
				DEVELOPMENT_TEAM = NG73R42J2A;
				INFOPLIST_FILE = FlappyBirdUITests/Info.plist;
				LD_RUNPATH_SEARCH_PATHS = "$(inherited) @executable_path/Frameworks @loader_path/Frameworks";
				PRODUCT_BUNDLE_IDENTIFIER = Covicake.FlappyBirdUITests;
				PRODUCT_NAME = "$(TARGET_NAME)";
				SWIFT_VERSION = 4.0;
				TARGETED_DEVICE_FAMILY = "1,2";
				TEST_TARGET_NAME = FlappyBird;
			};
			name = Release;
		};
/* End XCBuildConfiguration section */

/* Begin XCConfigurationList section */
		87F32C4A2045C06900873D93 /* Build configuration list for PBXProject "FlappyBird" */ = {
			isa = XCConfigurationList;
			buildConfigurations = (
				87F32C7B2045C06900873D93 /* Debug */,
				87F32C7C2045C06900873D93 /* Release */,
			);
			defaultConfigurationIsVisible = 0;
			defaultConfigurationName = Release;
		};
		87F32C7D2045C06900873D93 /* Build configuration list for PBXNativeTarget "FlappyBird" */ = {
			isa = XCConfigurationList;
			buildConfigurations = (
				87F32C7E2045C06900873D93 /* Debug */,
				87F32C7F2045C06900873D93 /* Release */,
			);
			defaultConfigurationIsVisible = 0;
			defaultConfigurationName = Release;
		};
		87F32C802045C06900873D93 /* Build configuration list for PBXNativeTarget "FlappyBirdTests" */ = {
			isa = XCConfigurationList;
			buildConfigurations = (
				87F32C812045C06900873D93 /* Debug */,
				87F32C822045C06900873D93 /* Release */,
			);
			defaultConfigurationIsVisible = 0;
			defaultConfigurationName = Release;
		};
		87F32C832045C06900873D93 /* Build configuration list for PBXNativeTarget "FlappyBirdUITests" */ = {
			isa = XCConfigurationList;
			buildConfigurations = (
				87F32C842045C06900873D93 /* Debug */,
				87F32C852045C06900873D93 /* Release */,
			);
			defaultConfigurationIsVisible = 0;
			defaultConfigurationName = Release;
		};
/* End XCConfigurationList section */
	};
	rootObject = 87F32C472045C06900873D93 /* Project object */;
}
